// !$*UTF8*$!
{
	archiveVersion = 1;
	classes = {
	};
	objectVersion = 77;
	objects = {

/* Begin PBXBuildFile section */
		6DDA1FB82E244D8100C159A2 /* README.md in Resources */ = {isa = PBXBuildFile; fileRef = 6DDA1FB72E244D7B00C159A2 /* README.md */; };
		6DE235DF2E18011C00BD03CA /* Iconoir in Frameworks */ = {isa = PBXBuildFile; productRef = 6DE235DE2E18011C00BD03CA /* Iconoir */; };
/* End PBXBuildFile section */

/* Begin PBXContainerItemProxy section */
		6D0D64DA2E1157AD008B74C3 /* PBXContainerItemProxy */ = {
			isa = PBXContainerItemProxy;
			containerPortal = 6D0D64BD2E1157AC008B74C3 /* Project object */;
			proxyType = 1;
			remoteGlobalIDString = 6D0D64C42E1157AC008B74C3;
			remoteInfo = "Music Log";
		};
		6D0D64E42E1157AD008B74C3 /* PBXContainerItemProxy */ = {
			isa = PBXContainerItemProxy;
			containerPortal = 6D0D64BD2E1157AC008B74C3 /* Project object */;
			proxyType = 1;
			remoteGlobalIDString = 6D0D64C42E1157AC008B74C3;
			remoteInfo = "Music Log";
		};
/* End PBXContainerItemProxy section */

/* Begin PBXFileReference section */
		6D0D64C52E1157AC008B74C3 /* Music Log.app */ = {isa = PBXFileReference; explicitFileType = wrapper.application; includeInIndex = 0; path = "Music Log.app"; sourceTree = BUILT_PRODUCTS_DIR; };
		6D0D64D92E1157AD008B74C3 /* Music LogTests.xctest */ = {isa = PBXFileReference; explicitFileType = wrapper.cfbundle; includeInIndex = 0; path = "Music LogTests.xctest"; sourceTree = BUILT_PRODUCTS_DIR; };
		6D0D64E32E1157AD008B74C3 /* Music LogUITests.xctest */ = {isa = PBXFileReference; explicitFileType = wrapper.cfbundle; includeInIndex = 0; path = "Music LogUITests.xctest"; sourceTree = BUILT_PRODUCTS_DIR; };
		6DDA1FB72E244D7B00C159A2 /* README.md */ = {isa = PBXFileReference; lastKnownFileType = net.daringfireball.markdown; path = README.md; sourceTree = "<group>"; };
/* End PBXFileReference section */

/* Begin PBXFileSystemSynchronizedBuildFileExceptionSet section */
		6D0D64EB2E1157AD008B74C3 /* Exceptions for "Music Log" folder in "Music Log" target */ = {
			isa = PBXFileSystemSynchronizedBuildFileExceptionSet;
			membershipExceptions = (
				Info.plist,
			);
			target = 6D0D64C42E1157AC008B74C3 /* Music Log */;
		};
		6DDA1DFC2E24230600C159A2 /* Exceptions for "Music Log" folder in "Music LogTests" target */ = {
			isa = PBXFileSystemSynchronizedBuildFileExceptionSet;
			membershipExceptions = (
				"Core/Extensions/Date+Extension.swift",
				"Core/Extensions/String+Extension.swift",
			);
			target = 6D0D64D82E1157AD008B74C3 /* Music LogTests */;
		};
		6DDA1DFD2E24230600C159A2 /* Exceptions for "Music Log" folder in "Music LogUITests" target */ = {
			isa = PBXFileSystemSynchronizedBuildFileExceptionSet;
			membershipExceptions = (
				"Core/Extensions/Date+Extension.swift",
				"Core/Extensions/String+Extension.swift",
			);
			target = 6D0D64E22E1157AD008B74C3 /* Music LogUITests */;
		};
/* End PBXFileSystemSynchronizedBuildFileExceptionSet section */

/* Begin PBXFileSystemSynchronizedRootGroup section */
		6D0D64C72E1157AC008B74C3 /* Music Log */ = {
			isa = PBXFileSystemSynchronizedRootGroup;
			exceptions = (
				6D0D64EB2E1157AD008B74C3 /* Exceptions for "Music Log" folder in "Music Log" target */,
				6DDA1DFC2E24230600C159A2 /* Exceptions for "Music Log" folder in "Music LogTests" target */,
				6DDA1DFD2E24230600C159A2 /* Exceptions for "Music Log" folder in "Music LogUITests" target */,
			);
			path = "Music Log";
			sourceTree = "<group>";
		};
		6D0D64DC2E1157AD008B74C3 /* Music LogTests */ = {
			isa = PBXFileSystemSynchronizedRootGroup;
			path = "Music LogTests";
			sourceTree = "<group>";
		};
		6D0D64E62E1157AD008B74C3 /* Music LogUITests */ = {
			isa = PBXFileSystemSynchronizedRootGroup;
			path = "Music LogUITests";
			sourceTree = "<group>";
		};
/* End PBXFileSystemSynchronizedRootGroup section */

/* Begin PBXFrameworksBuildPhase section */
		6D0D64C22E1157AC008B74C3 /* Frameworks */ = {
			isa = PBXFrameworksBuildPhase;
			buildActionMask = 2147483647;
			files = (
				6DE235DF2E18011C00BD03CA /* Iconoir in Frameworks */,
			);
			runOnlyForDeploymentPostprocessing = 0;
		};
		6D0D64D62E1157AD008B74C3 /* Frameworks */ = {
			isa = PBXFrameworksBuildPhase;
			buildActionMask = 2147483647;
			files = (
			);
			runOnlyForDeploymentPostprocessing = 0;
		};
		6D0D64E02E1157AD008B74C3 /* Frameworks */ = {
			isa = PBXFrameworksBuildPhase;
			buildActionMask = 2147483647;
			files = (
			);
			runOnlyForDeploymentPostprocessing = 0;
		};
/* End PBXFrameworksBuildPhase section */

/* Begin PBXGroup section */
		6D0D64BC2E1157AC008B74C3 = {
			isa = PBXGroup;
			children = (
				6DDA1FB72E244D7B00C159A2 /* README.md */,
				6D0D64C72E1157AC008B74C3 /* Music Log */,
				6D0D64DC2E1157AD008B74C3 /* Music LogTests */,
				6D0D64E62E1157AD008B74C3 /* Music LogUITests */,
				6D0D64C62E1157AC008B74C3 /* Products */,
			);
			sourceTree = "<group>";
		};
		6D0D64C62E1157AC008B74C3 /* Products */ = {
			isa = PBXGroup;
			children = (
				6D0D64C52E1157AC008B74C3 /* Music Log.app */,
				6D0D64D92E1157AD008B74C3 /* Music LogTests.xctest */,
				6D0D64E32E1157AD008B74C3 /* Music LogUITests.xctest */,
			);
			name = Products;
			sourceTree = "<group>";
		};
/* End PBXGroup section */

/* Begin PBXNativeTarget section */
		6D0D64C42E1157AC008B74C3 /* Music Log */ = {
			isa = PBXNativeTarget;
			buildConfigurationList = 6D0D64EC2E1157AD008B74C3 /* Build configuration list for PBXNativeTarget "Music Log" */;
			buildPhases = (
				6D0D64C12E1157AC008B74C3 /* Sources */,
				6D0D64C22E1157AC008B74C3 /* Frameworks */,
				6D0D64C32E1157AC008B74C3 /* Resources */,
			);
			buildRules = (
			);
			dependencies = (
			);
			fileSystemSynchronizedGroups = (
				6D0D64C72E1157AC008B74C3 /* Music Log */,
			);
			name = "Music Log";
			packageProductDependencies = (
				6DE235DE2E18011C00BD03CA /* Iconoir */,
			);
			productName = "Music Log";
			productReference = 6D0D64C52E1157AC008B74C3 /* Music Log.app */;
			productType = "com.apple.product-type.application";
		};
		6D0D64D82E1157AD008B74C3 /* Music LogTests */ = {
			isa = PBXNativeTarget;
			buildConfigurationList = 6D0D64F12E1157AD008B74C3 /* Build configuration list for PBXNativeTarget "Music LogTests" */;
			buildPhases = (
				6D0D64D52E1157AD008B74C3 /* Sources */,
				6D0D64D62E1157AD008B74C3 /* Frameworks */,
				6D0D64D72E1157AD008B74C3 /* Resources */,
			);
			buildRules = (
			);
			dependencies = (
				6D0D64DB2E1157AD008B74C3 /* PBXTargetDependency */,
			);
			fileSystemSynchronizedGroups = (
				6D0D64DC2E1157AD008B74C3 /* Music LogTests */,
			);
			name = "Music LogTests";
			packageProductDependencies = (
			);
			productName = "Music LogTests";
			productReference = 6D0D64D92E1157AD008B74C3 /* Music LogTests.xctest */;
			productType = "com.apple.product-type.bundle.unit-test";
		};
		6D0D64E22E1157AD008B74C3 /* Music LogUITests */ = {
			isa = PBXNativeTarget;
			buildConfigurationList = 6D0D64F42E1157AD008B74C3 /* Build configuration list for PBXNativeTarget "Music LogUITests" */;
			buildPhases = (
				6D0D64DF2E1157AD008B74C3 /* Sources */,
				6D0D64E02E1157AD008B74C3 /* Frameworks */,
				6D0D64E12E1157AD008B74C3 /* Resources */,
			);
			buildRules = (
			);
			dependencies = (
				6D0D64E52E1157AD008B74C3 /* PBXTargetDependency */,
			);
			fileSystemSynchronizedGroups = (
				6D0D64E62E1157AD008B74C3 /* Music LogUITests */,
			);
			name = "Music LogUITests";
			packageProductDependencies = (
			);
			productName = "Music LogUITests";
			productReference = 6D0D64E32E1157AD008B74C3 /* Music LogUITests.xctest */;
			productType = "com.apple.product-type.bundle.ui-testing";
		};
/* End PBXNativeTarget section */

/* Begin PBXProject section */
		6D0D64BD2E1157AC008B74C3 /* Project object */ = {
			isa = PBXProject;
			attributes = {
				BuildIndependentTargetsInParallel = 1;
				LastSwiftUpdateCheck = 1620;
				LastUpgradeCheck = 1620;
				TargetAttributes = {
					6D0D64C42E1157AC008B74C3 = {
						CreatedOnToolsVersion = 16.2;
					};
					6D0D64D82E1157AD008B74C3 = {
						CreatedOnToolsVersion = 16.2;
						TestTargetID = 6D0D64C42E1157AC008B74C3;
					};
					6D0D64E22E1157AD008B74C3 = {
						CreatedOnToolsVersion = 16.2;
						TestTargetID = 6D0D64C42E1157AC008B74C3;
					};
				};
			};
			buildConfigurationList = 6D0D64C02E1157AC008B74C3 /* Build configuration list for PBXProject "Music Log" */;
			developmentRegion = en;
			hasScannedForEncodings = 0;
			knownRegions = (
				en,
				Base,
			);
			mainGroup = 6D0D64BC2E1157AC008B74C3;
			minimizedProjectReferenceProxies = 1;
			packageReferences = (
				6DE235DD2E18011C00BD03CA /* XCRemoteSwiftPackageReference "iconoir-swift" */,
			);
			preferredProjectObjectVersion = 77;
			productRefGroup = 6D0D64C62E1157AC008B74C3 /* Products */;
			projectDirPath = "";
			projectRoot = "";
			targets = (
				6D0D64C42E1157AC008B74C3 /* Music Log */,
				6D0D64D82E1157AD008B74C3 /* Music LogTests */,
				6D0D64E22E1157AD008B74C3 /* Music LogUITests */,
			);
		};
/* End PBXProject section */

/* Begin PBXResourcesBuildPhase section */
		6D0D64C32E1157AC008B74C3 /* Resources */ = {
			isa = PBXResourcesBuildPhase;
			buildActionMask = 2147483647;
			files = (
				6DDA1FB82E244D8100C159A2 /* README.md in Resources */,
			);
			runOnlyForDeploymentPostprocessing = 0;
		};
		6D0D64D72E1157AD008B74C3 /* Resources */ = {
			isa = PBXResourcesBuildPhase;
			buildActionMask = 2147483647;
			files = (
			);
			runOnlyForDeploymentPostprocessing = 0;
		};
		6D0D64E12E1157AD008B74C3 /* Resources */ = {
			isa = PBXResourcesBuildPhase;
			buildActionMask = 2147483647;
			files = (
			);
			runOnlyForDeploymentPostprocessing = 0;
		};
/* End PBXResourcesBuildPhase section */

/* Begin PBXSourcesBuildPhase section */
		6D0D64C12E1157AC008B74C3 /* Sources */ = {
			isa = PBXSourcesBuildPhase;
			buildActionMask = 2147483647;
			files = (
			);
			runOnlyForDeploymentPostprocessing = 0;
		};
		6D0D64D52E1157AD008B74C3 /* Sources */ = {
			isa = PBXSourcesBuildPhase;
			buildActionMask = 2147483647;
			files = (
			);
			runOnlyForDeploymentPostprocessing = 0;
		};
		6D0D64DF2E1157AD008B74C3 /* Sources */ = {
			isa = PBXSourcesBuildPhase;
			buildActionMask = 2147483647;
			files = (
			);
			runOnlyForDeploymentPostprocessing = 0;
		};
/* End PBXSourcesBuildPhase section */

/* Begin PBXTargetDependency section */
		6D0D64DB2E1157AD008B74C3 /* PBXTargetDependency */ = {
			isa = PBXTargetDependency;
			target = 6D0D64C42E1157AC008B74C3 /* Music Log */;
			targetProxy = 6D0D64DA2E1157AD008B74C3 /* PBXContainerItemProxy */;
		};
		6D0D64E52E1157AD008B74C3 /* PBXTargetDependency */ = {
			isa = PBXTargetDependency;
			target = 6D0D64C42E1157AC008B74C3 /* Music Log */;
			targetProxy = 6D0D64E42E1157AD008B74C3 /* PBXContainerItemProxy */;
		};
/* End PBXTargetDependency section */

/* Begin XCBuildConfiguration section */
		6D0D64ED2E1157AD008B74C3 /* Debug */ = {
			isa = XCBuildConfiguration;
			buildSettings = {
				ASSETCATALOG_COMPILER_APPICON_NAME = AppIcon;
				ASSETCATALOG_COMPILER_GLOBAL_ACCENT_COLOR_NAME = AccentColor;
				CODE_SIGN_ENTITLEMENTS = "Music Log/Music_Log.entitlements";
				CODE_SIGN_STYLE = Automatic;
				CURRENT_PROJECT_VERSION = 1;
				DEVELOPMENT_ASSET_PATHS = "\"Music Log/Preview Content\"";
				ENABLE_PREVIEWS = YES;
				GENERATE_INFOPLIST_FILE = YES;
				INFOPLIST_FILE = "Music Log/Info.plist";
				INFOPLIST_KEY_UIApplicationSceneManifest_Generation = YES;
				INFOPLIST_KEY_UIApplicationSupportsIndirectInputEvents = YES;
				INFOPLIST_KEY_UILaunchScreen_Generation = YES;
				INFOPLIST_KEY_UISupportedInterfaceOrientations_iPad = "UIInterfaceOrientationPortrait UIInterfaceOrientationPortraitUpsideDown UIInterfaceOrientationLandscapeLeft UIInterfaceOrientationLandscapeRight";
				INFOPLIST_KEY_UISupportedInterfaceOrientations_iPhone = "UIInterfaceOrientationPortrait UIInterfaceOrientationLandscapeLeft UIInterfaceOrientationLandscapeRight";
				LD_RUNPATH_SEARCH_PATHS = (
					"$(inherited)",
					"@executable_path/Frameworks",
				);
				MARKETING_VERSION = 1.0;
				PRODUCT_BUNDLE_IDENTIFIER = "com.lokeswari.Music-Log";
				PRODUCT_NAME = "$(TARGET_NAME)";
				SWIFT_EMIT_LOC_STRINGS = YES;
				SWIFT_VERSION = 5.0;
				TARGETED_DEVICE_FAMILY = "1,2";
			};
			name = Debug;
		};
		6D0D64EE2E1157AD008B74C3 /* Release */ = {
			isa = XCBuildConfiguration;
			buildSettings = {
				ASSETCATALOG_COMPILER_APPICON_NAME = AppIcon;
				ASSETCATALOG_COMPILER_GLOBAL_ACCENT_COLOR_NAME = AccentColor;
				CODE_SIGN_ENTITLEMENTS = "Music Log/Music_Log.entitlements";
				CODE_SIGN_STYLE = Automatic;
				CURRENT_PROJECT_VERSION = 1;
				DEVELOPMENT_ASSET_PATHS = "\"Music Log/Preview Content\"";
				ENABLE_PREVIEWS = YES;
				GENERATE_INFOPLIST_FILE = YES;
				INFOPLIST_FILE = "Music Log/Info.plist";
				INFOPLIST_KEY_UIApplicationSceneManifest_Generation = YES;
				INFOPLIST_KEY_UIApplicationSupportsIndirectInputEvents = YES;
				INFOPLIST_KEY_UILaunchScreen_Generation = YES;
				INFOPLIST_KEY_UISupportedInterfaceOrientations_iPad = "UIInterfaceOrientationPortrait UIInterfaceOrientationPortraitUpsideDown UIInterfaceOrientationLandscapeLeft UIInterfaceOrientationLandscapeRight";
				INFOPLIST_KEY_UISupportedInterfaceOrientations_iPhone = "UIInterfaceOrientationPortrait UIInterfaceOrientationLandscapeLeft UIInterfaceOrientationLandscapeRight";
				LD_RUNPATH_SEARCH_PATHS = (
					"$(inherited)",
					"@executable_path/Frameworks",
				);
				MARKETING_VERSION = 1.0;
				PRODUCT_BUNDLE_IDENTIFIER = "com.lokeswari.Music-Log";
				PRODUCT_NAME = "$(TARGET_NAME)";
				SWIFT_EMIT_LOC_STRINGS = YES;
				SWIFT_VERSION = 5.0;
				TARGETED_DEVICE_FAMILY = "1,2";
			};
			name = Release;
		};
		6D0D64EF2E1157AD008B74C3 /* Debug */ = {
			isa = XCBuildConfiguration;
			buildSettings = {
				ALWAYS_SEARCH_USER_PATHS = NO;
				ASSETCATALOG_COMPILER_GENERATE_SWIFT_ASSET_SYMBOL_EXTENSIONS = YES;
				CLANG_ANALYZER_NONNULL = YES;
				CLANG_ANALYZER_NUMBER_OBJECT_CONVERSION = YES_AGGRESSIVE;
				CLANG_CXX_LANGUAGE_STANDARD = "gnu++20";
				CLANG_ENABLE_MODULES = YES;
				CLANG_ENABLE_OBJC_ARC = YES;
				CLANG_ENABLE_OBJC_WEAK = YES;
				CLANG_WARN_BLOCK_CAPTURE_AUTORELEASING = YES;
				CLANG_WARN_BOOL_CONVERSION = YES;
				CLANG_WARN_COMMA = YES;
				CLANG_WARN_CONSTANT_CONVERSION = YES;
				CLANG_WARN_DEPRECATED_OBJC_IMPLEMENTATIONS = YES;
				CLANG_WARN_DIRECT_OBJC_ISA_USAGE = YES_ERROR;
				CLANG_WARN_DOCUMENTATION_COMMENTS = YES;
				CLANG_WARN_EMPTY_BODY = YES;
				CLANG_WARN_ENUM_CONVERSION = YES;
				CLANG_WARN_INFINITE_RECURSION = YES;
				CLANG_WARN_INT_CONVERSION = YES;
				CLANG_WARN_NON_LITERAL_NULL_CONVERSION = YES;
				CLANG_WARN_OBJC_IMPLICIT_RETAIN_SELF = YES;
				CLANG_WARN_OBJC_LITERAL_CONVERSION = YES;
				CLANG_WARN_OBJC_ROOT_CLASS = YES_ERROR;
				CLANG_WARN_QUOTED_INCLUDE_IN_FRAMEWORK_HEADER = YES;
				CLANG_WARN_RANGE_LOOP_ANALYSIS = YES;
				CLANG_WARN_STRICT_PROTOTYPES = YES;
				CLANG_WARN_SUSPICIOUS_MOVE = YES;
				CLANG_WARN_UNGUARDED_AVAILABILITY = YES_AGGRESSIVE;
				CLANG_WARN_UNREACHABLE_CODE = YES;
				CLANG_WARN__DUPLICATE_METHOD_MATCH = YES;
				COPY_PHASE_STRIP = NO;
				DEBUG_INFORMATION_FORMAT = dwarf;
				ENABLE_STRICT_OBJC_MSGSEND = YES;
				ENABLE_TESTABILITY = YES;
				ENABLE_USER_SCRIPT_SANDBOXING = YES;
				GCC_C_LANGUAGE_STANDARD = gnu17;
				GCC_DYNAMIC_NO_PIC = NO;
				GCC_NO_COMMON_BLOCKS = YES;
				GCC_OPTIMIZATION_LEVEL = 0;
				GCC_PREPROCESSOR_DEFINITIONS = (
					"DEBUG=1",
					"$(inherited)",
				);
				GCC_WARN_64_TO_32_BIT_CONVERSION = YES;
				GCC_WARN_ABOUT_RETURN_TYPE = YES_ERROR;
				GCC_WARN_UNDECLARED_SELECTOR = YES;
				GCC_WARN_UNINITIALIZED_AUTOS = YES_AGGRESSIVE;
				GCC_WARN_UNUSED_FUNCTION = YES;
				GCC_WARN_UNUSED_VARIABLE = YES;
				IPHONEOS_DEPLOYMENT_TARGET = 18.2;
				LOCALIZATION_PREFERS_STRING_CATALOGS = YES;
				MTL_ENABLE_DEBUG_INFO = INCLUDE_SOURCE;
				MTL_FAST_MATH = YES;
				ONLY_ACTIVE_ARCH = YES;
				SDKROOT = iphoneos;
				SWIFT_ACTIVE_COMPILATION_CONDITIONS = "DEBUG $(inherited)";
				SWIFT_OPTIMIZATION_LEVEL = "-Onone";
			};
			name = Debug;
		};
		6D0D64F02E1157AD008B74C3 /* Release */ = {
			isa = XCBuildConfiguration;
			buildSettings = {
				ALWAYS_SEARCH_USER_PATHS = NO;
				ASSETCATALOG_COMPILER_GENERATE_SWIFT_ASSET_SYMBOL_EXTENSIONS = YES;
				CLANG_ANALYZER_NONNULL = YES;
				CLANG_ANALYZER_NUMBER_OBJECT_CONVERSION = YES_AGGRESSIVE;
				CLANG_CXX_LANGUAGE_STANDARD = "gnu++20";
				CLANG_ENABLE_MODULES = YES;
				CLANG_ENABLE_OBJC_ARC = YES;
				CLANG_ENABLE_OBJC_WEAK = YES;
				CLANG_WARN_BLOCK_CAPTURE_AUTORELEASING = YES;
				CLANG_WARN_BOOL_CONVERSION = YES;
				CLANG_WARN_COMMA = YES;
				CLANG_WARN_CONSTANT_CONVERSION = YES;
				CLANG_WARN_DEPRECATED_OBJC_IMPLEMENTATIONS = YES;
				CLANG_WARN_DIRECT_OBJC_ISA_USAGE = YES_ERROR;
				CLANG_WARN_DOCUMENTATION_COMMENTS = YES;
				CLANG_WARN_EMPTY_BODY = YES;
				CLANG_WARN_ENUM_CONVERSION = YES;
				CLANG_WARN_INFINITE_RECURSION = YES;
				CLANG_WARN_INT_CONVERSION = YES;
				CLANG_WARN_NON_LITERAL_NULL_CONVERSION = YES;
				CLANG_WARN_OBJC_IMPLICIT_RETAIN_SELF = YES;
				CLANG_WARN_OBJC_LITERAL_CONVERSION = YES;
				CLANG_WARN_OBJC_ROOT_CLASS = YES_ERROR;
				CLANG_WARN_QUOTED_INCLUDE_IN_FRAMEWORK_HEADER = YES;
				CLANG_WARN_RANGE_LOOP_ANALYSIS = YES;
				CLANG_WARN_STRICT_PROTOTYPES = YES;
				CLANG_WARN_SUSPICIOUS_MOVE = YES;
				CLANG_WARN_UNGUARDED_AVAILABILITY = YES_AGGRESSIVE;
				CLANG_WARN_UNREACHABLE_CODE = YES;
				CLANG_WARN__DUPLICATE_METHOD_MATCH = YES;
				COPY_PHASE_STRIP = NO;
				DEBUG_INFORMATION_FORMAT = "dwarf-with-dsym";
				ENABLE_NS_ASSERTIONS = NO;
				ENABLE_STRICT_OBJC_MSGSEND = YES;
				ENABLE_USER_SCRIPT_SANDBOXING = YES;
				GCC_C_LANGUAGE_STANDARD = gnu17;
				GCC_NO_COMMON_BLOCKS = YES;
				GCC_WARN_64_TO_32_BIT_CONVERSION = YES;
				GCC_WARN_ABOUT_RETURN_TYPE = YES_ERROR;
				GCC_WARN_UNDECLARED_SELECTOR = YES;
				GCC_WARN_UNINITIALIZED_AUTOS = YES_AGGRESSIVE;
				GCC_WARN_UNUSED_FUNCTION = YES;
				GCC_WARN_UNUSED_VARIABLE = YES;
				IPHONEOS_DEPLOYMENT_TARGET = 18.2;
				LOCALIZATION_PREFERS_STRING_CATALOGS = YES;
				MTL_ENABLE_DEBUG_INFO = NO;
				MTL_FAST_MATH = YES;
				SDKROOT = iphoneos;
				SWIFT_COMPILATION_MODE = wholemodule;
				VALIDATE_PRODUCT = YES;
			};
			name = Release;
		};
		6D0D64F22E1157AD008B74C3 /* Debug */ = {
			isa = XCBuildConfiguration;
			buildSettings = {
				BUNDLE_LOADER = "$(TEST_HOST)";
				CODE_SIGN_STYLE = Automatic;
				CURRENT_PROJECT_VERSION = 1;
				GENERATE_INFOPLIST_FILE = YES;
				IPHONEOS_DEPLOYMENT_TARGET = 18.2;
				MARKETING_VERSION = 1.0;
				PRODUCT_BUNDLE_IDENTIFIER = "com.lokeswari.Music-LogTests";
				PRODUCT_NAME = "$(TARGET_NAME)";
				SWIFT_EMIT_LOC_STRINGS = NO;
				SWIFT_VERSION = 5.0;
				TARGETED_DEVICE_FAMILY = "1,2";
				TEST_HOST = "$(BUILT_PRODUCTS_DIR)/Music Log.app/$(BUNDLE_EXECUTABLE_FOLDER_PATH)/Music Log";
			};
			name = Debug;
		};
		6D0D64F32E1157AD008B74C3 /* Release */ = {
			isa = XCBuildConfiguration;
			buildSettings = {
				BUNDLE_LOADER = "$(TEST_HOST)";
				CODE_SIGN_STYLE = Automatic;
				CURRENT_PROJECT_VERSION = 1;
				GENERATE_INFOPLIST_FILE = YES;
				IPHONEOS_DEPLOYMENT_TARGET = 18.2;
				MARKETING_VERSION = 1.0;
				PRODUCT_BUNDLE_IDENTIFIER = "com.lokeswari.Music-LogTests";
				PRODUCT_NAME = "$(TARGET_NAME)";
				SWIFT_EMIT_LOC_STRINGS = NO;
				SWIFT_VERSION = 5.0;
				TARGETED_DEVICE_FAMILY = "1,2";
				TEST_HOST = "$(BUILT_PRODUCTS_DIR)/Music Log.app/$(BUNDLE_EXECUTABLE_FOLDER_PATH)/Music Log";
			};
			name = Release;
		};
		6D0D64F52E1157AD008B74C3 /* Debug */ = {
			isa = XCBuildConfiguration;
			buildSettings = {
				CODE_SIGN_STYLE = Automatic;
				CURRENT_PROJECT_VERSION = 1;
				GENERATE_INFOPLIST_FILE = YES;
				MARKETING_VERSION = 1.0;
				PRODUCT_BUNDLE_IDENTIFIER = "com.lokeswari.Music-LogUITests";
				PRODUCT_NAME = "$(TARGET_NAME)";
				SWIFT_EMIT_LOC_STRINGS = NO;
				SWIFT_VERSION = 5.0;
				TARGETED_DEVICE_FAMILY = "1,2";
				TEST_TARGET_NAME = "Music Log";
			};
			name = Debug;
		};
		6D0D64F62E1157AD008B74C3 /* Release */ = {
			isa = XCBuildConfiguration;
			buildSettings = {
				CODE_SIGN_STYLE = Automatic;
				CURRENT_PROJECT_VERSION = 1;
				GENERATE_INFOPLIST_FILE = YES;
				MARKETING_VERSION = 1.0;
				PRODUCT_BUNDLE_IDENTIFIER = "com.lokeswari.Music-LogUITests";
				PRODUCT_NAME = "$(TARGET_NAME)";
				SWIFT_EMIT_LOC_STRINGS = NO;
				SWIFT_VERSION = 5.0;
				TARGETED_DEVICE_FAMILY = "1,2";
				TEST_TARGET_NAME = "Music Log";
			};
			name = Release;
		};
/* End XCBuildConfiguration section */

/* Begin XCConfigurationList section */
		6D0D64C02E1157AC008B74C3 /* Build configuration list for PBXProject "Music Log" */ = {
			isa = XCConfigurationList;
			buildConfigurations = (
				6D0D64EF2E1157AD008B74C3 /* Debug */,
				6D0D64F02E1157AD008B74C3 /* Release */,
			);
			defaultConfigurationIsVisible = 0;
			defaultConfigurationName = Release;
		};
		6D0D64EC2E1157AD008B74C3 /* Build configuration list for PBXNativeTarget "Music Log" */ = {
			isa = XCConfigurationList;
			buildConfigurations = (
				6D0D64ED2E1157AD008B74C3 /* Debug */,
				6D0D64EE2E1157AD008B74C3 /* Release */,
			);
			defaultConfigurationIsVisible = 0;
			defaultConfigurationName = Release;
		};
		6D0D64F12E1157AD008B74C3 /* Build configuration list for PBXNativeTarget "Music LogTests" */ = {
			isa = XCConfigurationList;
			buildConfigurations = (
				6D0D64F22E1157AD008B74C3 /* Debug */,
				6D0D64F32E1157AD008B74C3 /* Release */,
			);
			defaultConfigurationIsVisible = 0;
			defaultConfigurationName = Release;
		};
		6D0D64F42E1157AD008B74C3 /* Build configuration list for PBXNativeTarget "Music LogUITests" */ = {
			isa = XCConfigurationList;
			buildConfigurations = (
				6D0D64F52E1157AD008B74C3 /* Debug */,
				6D0D64F62E1157AD008B74C3 /* Release */,
			);
			defaultConfigurationIsVisible = 0;
			defaultConfigurationName = Release;
		};
/* End XCConfigurationList section */

/* Begin XCRemoteSwiftPackageReference section */
		6DE235DD2E18011C00BD03CA /* XCRemoteSwiftPackageReference "iconoir-swift" */ = {
			isa = XCRemoteSwiftPackageReference;
			repositoryURL = "https://github.com/iconoir-icons/iconoir-swift";
			requirement = {
				branch = main;
				kind = branch;
			};
		};
/* End XCRemoteSwiftPackageReference section */

/* Begin XCSwiftPackageProductDependency section */
		6DE235DE2E18011C00BD03CA /* Iconoir */ = {
			isa = XCSwiftPackageProductDependency;
			package = 6DE235DD2E18011C00BD03CA /* XCRemoteSwiftPackageReference "iconoir-swift" */;
			productName = Iconoir;
		};
/* End XCSwiftPackageProductDependency section */
	};
	rootObject = 6D0D64BD2E1157AC008B74C3 /* Project object */;
}
